
Microsoft Visual Studio Solution File, Format Version 12.00
# Visual Studio Version 16
VisualStudioVersion = 16.0.31205.134
MinimumVisualStudioVersion = 10.0.40219.1
Project("{9A19103F-16F7-4668-BE54-9A1E7A4F7556}") = "Interface", "Interface\Interface.csproj", "{927E1E86-F5A8-42E7-B016-EE5A93ED8AB2}"
EndProject
Project("{9A19103F-16F7-4668-BE54-9A1E7A4F7556}") = "FacultyLib", "Faculty\FacultyLib.csproj", "{EBC7E35B-11B7-4383-A72B-81DA8501275A}"
EndProject
Global
	GlobalSection(SolutionConfigurationPlatforms) = preSolution
		Debug|Any CPU = Debug|Any CPU
		Release|Any CPU = Release|Any CPU
	EndGlobalSection
	GlobalSection(ProjectConfigurationPlatforms) = postSolution
		{927E1E86-F5A8-42E7-B016-EE5A93ED8AB2}.Debug|Any CPU.ActiveCfg = Debug|Any CPU
		{927E1E86-F5A8-42E7-B016-EE5A93ED8AB2}.Debug|Any CPU.Build.0 = Debug|Any CPU
		{927E1E86-F5A8-42E7-B016-EE5A93ED8AB2}.Release|Any CPU.ActiveCfg = Release|Any CPU
		{927E1E86-F5A8-42E7-B016-EE5A93ED8AB2}.Release|Any CPU.Build.0 = Release|Any CPU
		{EBC7E35B-11B7-4383-A72B-81DA8501275A}.Debug|Any CPU.ActiveCfg = Debug|Any CPU
		{EBC7E35B-11B7-4383-A72B-81DA8501275A}.Debug|Any CPU.Build.0 = Debug|Any CPU
		{EBC7E35B-11B7-4383-A72B-81DA8501275A}.Release|Any CPU.ActiveCfg = Release|Any CPU
		{EBC7E35B-11B7-4383-A72B-81DA8501275A}.Release|Any CPU.Build.0 = Release|Any CPU
	EndGlobalSection
	GlobalSection(SolutionProperties) = preSolution
		HideSolutionNode = FALSE
	EndGlobalSection
	GlobalSection(ExtensibilityGlobals) = postSolution
		SolutionGuid = {52BBBD3C-4C71-4B23-8F77-ED4B8CC33013}
	EndGlobalSection
EndGlobal
